PODS:
  - Amber (2.1.0):
    - Bond (~> 7.2.0)
  - Bond (7.2.1):
    - Differ (~> 1.3)
    - ReactiveKit (~> 3.9)
  - Differ (1.3.0)
  - ReactiveKit (3.9.7)

DEPENDENCIES:
  - Amber (from `../`)
  - Bond (~> 7.2.0)

SPEC REPOS:
  https://github.com/CocoaPods/Specs.git:
    - Bond
    - Differ
    - ReactiveKit

EXTERNAL SOURCES:
  Amber:
    :path: "../"

SPEC CHECKSUMS:
  Amber: f1a86e696558fcee7c16e7cff214eb2dad9a54fb
  Bond: 663dd8da3eccadb4d7d57243499d387f9976580d
  Differ: 9fcee7602542d7c6484ce05a0faec1c11258ed63
  ReactiveKit: 5f4c440715d671901c382ae6b42ed3337ce4699b

PODFILE CHECKSUM: e5faa8b18a66c660a8d6ca7f1d61cad13a916569

COCOAPODS: 1.5.0
